
Microsoft Visual Studio Solution File, Format Version 12.00
# Visual Studio Version 17
VisualStudioVersion = 17.9.34728.123
MinimumVisualStudioVersion = 10.0.40219.1
Project("{FAE04EC0-301F-11D3-BF4B-00C04F79EFBC}") = "InMemoryEventBus", "InMemoryEventBus\InMemoryEventBus.csproj", "{C6EA75EA-B480-4FB8-A5ED-A58872FF12D3}"
EndProject
Global
	GlobalSection(SolutionConfigurationPlatforms) = preSolution
		Debug|Any CPU = Debug|Any CPU
		Release|Any CPU = Release|Any CPU
	EndGlobalSection
	GlobalSection(ProjectConfigurationPlatforms) = postSolution
		{C6EA75EA-B480-4FB8-A5ED-A58872FF12D3}.Debug|Any CPU.ActiveCfg = Debug|Any CPU
		{C6EA75EA-B480-4FB8-A5ED-A58872FF12D3}.Debug|Any CPU.Build.0 = Debug|Any CPU
		{C6EA75EA-B480-4FB8-A5ED-A58872FF12D3}.Release|Any CPU.ActiveCfg = Release|Any CPU
		{C6EA75EA-B480-4FB8-A5ED-A58872FF12D3}.Release|Any CPU.Build.0 = Release|Any CPU
	EndGlobalSection
	GlobalSection(SolutionProperties) = preSolution
		HideSolutionNode = FALSE
	EndGlobalSection
	GlobalSection(ExtensibilityGlobals) = postSolution
		SolutionGuid = {D1C63F3C-3DE0-42C1-8596-6BF670944474}
	EndGlobalSection
EndGlobal
